lockfileVersion: '6.0'

settings:
  autoInstallPeers: true
  excludeLinksFromLockfile: false

dependencies:
  process:
    specifier: ^0.11.10
    version: 0.11.10
  ts-node:
    specifier: ^10.9.2
    version: 10.9.2(@types/node@20.17.55)(typescript@5.8.3)
  typescript:
    specifier: ^5.3.3
    version: 5.8.3
  viem:
    specifier: ^2.30.5
    version: 2.30.5(typescript@5.8.3)

devDependencies:
  '@types/node':
    specifier: ^20.11.19
    version: 20.17.55

packages:

  /@adraffy/ens-normalize@1.11.0:
    resolution: {integrity: sha512-/3DDPKHqqIqxUULp8yP4zODUY1i+2xvVWsv8A79xGWdCAG+8sb0hRh0Rk2QyOJUnnbyPUAZYcpBuRe3nS2OIUg==}
    dev: false

  /@cspotcode/source-map-support@0.8.1:
    resolution: {integrity: sha512-IchNf6dN4tHoMFIn/7OE8LWZ19Y6q/67Bmf6vnGREv8RSbBVb9LPJxEcnwrcwX6ixSvaiGoomAUvu4YSxXrVgw==}
    engines: {node: '>=12'}
    dependencies:
      '@jridgewell/trace-mapping': 0.3.9
    dev: false

  /@jridgewell/resolve-uri@3.1.2:
    resolution: {integrity: sha512-bRISgCIjP20/tbWSPWMEi54QVPRZExkuD9lJL+UIxUKtwVJA8wW1Trb1jMs1RFXo1CBTNZ/5hpC9QvmKWdopKw==}
    engines: {node: '>=6.0.0'}
    dev: false

  /@jridgewell/sourcemap-codec@1.5.0:
    resolution: {integrity: sha512-gv3ZRaISU3fjPAgNsriBRqGWQL6quFx04YMPW/zD8XMLsU32mhCCbfbO6KZFLjvYpCZ8zyDEgqsgf+PwPaM7GQ==}
    dev: false

  /@jridgewell/trace-mapping@0.3.9:
    resolution: {integrity: sha512-3Belt6tdc8bPgAtbcmdtNJlirVoTmEb5e2gC94PnkwEW9jI6CAHUeoG85tjWP5WquqfavoMtMwiG4P926ZKKuQ==}
    dependencies:
      '@jridgewell/resolve-uri': 3.1.2
      '@jridgewell/sourcemap-codec': 1.5.0
    dev: false

  /@noble/ciphers@1.3.0:
    resolution: {integrity: sha512-2I0gnIVPtfnMw9ee9h1dJG7tp81+8Ob3OJb3Mv37rx5L40/b0i7djjCVvGOVqc9AEIQyvyu1i6ypKdFw8R8gQw==}
    engines: {node: ^14.21.3 || >=16}
    dev: false

  /@noble/curves@1.9.1:
    resolution: {integrity: sha512-k11yZxZg+t+gWvBbIswW0yoJlu8cHOC7dhunwOzoWH/mXGBiYyR4YY6hAEK/3EUs4UpB8la1RfdRpeGsFHkWsA==}
    engines: {node: ^14.21.3 || >=16}
    dependencies:
      '@noble/hashes': 1.8.0
    dev: false

  /@noble/hashes@1.8.0:
    resolution: {integrity: sha512-jCs9ldd7NwzpgXDIf6P3+NrHh9/sD6CQdxHyjQI+h/6rDNo88ypBxxz45UDuZHz9r3tNz7N/VInSVoVdtXEI4A==}
    engines: {node: ^14.21.3 || >=16}
    dev: false

  /@scure/base@1.2.6:
    resolution: {integrity: sha512-g/nm5FgUa//MCj1gV09zTJTaM6KBAHqLN907YVQqf7zC49+DcO4B1so4ZX07Ef10Twr6nuqYEH9GEggFXA4Fmg==}
    dev: false

  /@scure/bip32@1.7.0:
    resolution: {integrity: sha512-E4FFX/N3f4B80AKWp5dP6ow+flD1LQZo/w8UnLGYZO674jS6YnYeepycOOksv+vLPSpgN35wgKgy+ybfTb2SMw==}
    dependencies:
      '@noble/curves': 1.9.1
      '@noble/hashes': 1.8.0
      '@scure/base': 1.2.6
    dev: false

  /@scure/bip39@1.6.0:
    resolution: {integrity: sha512-+lF0BbLiJNwVlev4eKelw1WWLaiKXw7sSl8T6FvBlWkdX+94aGJ4o8XjUdlyhTCjd8c+B3KT3JfS8P0bLRNU6A==}
    dependencies:
      '@noble/hashes': 1.8.0
      '@scure/base': 1.2.6
    dev: false

  /@tsconfig/node10@1.0.11:
    resolution: {integrity: sha512-DcRjDCujK/kCk/cUe8Xz8ZSpm8mS3mNNpta+jGCA6USEDfktlNvm1+IuZ9eTcDbNk41BHwpHHeW+N1lKCz4zOw==}
    dev: false

  /@tsconfig/node12@1.0.11:
    resolution: {integrity: sha512-cqefuRsh12pWyGsIoBKJA9luFu3mRxCA+ORZvA4ktLSzIuCUtWVxGIuXigEwO5/ywWFMZ2QEGKWvkZG1zDMTag==}
    dev: false

  /@tsconfig/node14@1.0.3:
    resolution: {integrity: sha512-ysT8mhdixWK6Hw3i1V2AeRqZ5WfXg1G43mqoYlM2nc6388Fq5jcXyr5mRsqViLx/GJYdoL0bfXD8nmF+Zn/Iow==}
    dev: false

  /@tsconfig/node16@1.0.4:
    resolution: {integrity: sha512-vxhUy4J8lyeyinH7Azl1pdd43GJhZH/tP2weN8TntQblOY+A0XbT8DJk1/oCPuOOyg/Ja757rG0CgHcWC8OfMA==}
    dev: false

  /@types/node@20.17.55:
    resolution: {integrity: sha512-ESpPDUEtW1a9nueMQtcTq/5iY/7osurPpBpFKH2VAyREKdzoFRRod6Oms0SSTfV7u52CcH7b6dFVnjfPD8fxWg==}
    dependencies:
      undici-types: 6.19.8

  /abitype@1.0.8(typescript@5.8.3):
    resolution: {integrity: sha512-ZeiI6h3GnW06uYDLx0etQtX/p8E24UaHHBj57RSjK7YBFe7iuVn07EDpOeP451D06sF27VOz9JJPlIKJmXgkEg==}
    peerDependencies:
      typescript: '>=5.0.4'
      zod: ^3 >=3.22.0
    peerDependenciesMeta:
      typescript:
        optional: true
      zod:
        optional: true
    dependencies:
      typescript: 5.8.3
    dev: false

  /acorn-walk@8.3.4:
    resolution: {integrity: sha512-ueEepnujpqee2o5aIYnvHU6C0A42MNdsIDeqy5BydrkuC5R1ZuUFnm27EeFJGoEHJQgn3uleRvmTXaJgfXbt4g==}
    engines: {node: '>=0.4.0'}
    dependencies:
      acorn: 8.14.1
    dev: false

  /acorn@8.14.1:
    resolution: {integrity: sha512-OvQ/2pUDKmgfCg++xsTX1wGxfTaszcHVcTctW4UJB4hibJx2HXxxO5UmVgyjMa+ZDsiaf5wWLXYpRWMmBI0QHg==}
    engines: {node: '>=0.4.0'}
    hasBin: true
    dev: false

  /arg@4.1.3:
    resolution: {integrity: sha512-58S9QDqG0Xx27YwPSt9fJxivjYl432YCwfDMfZ+71RAqUrZef7LrKQZ3LHLOwCS4FLNBplP533Zx895SeOCHvA==}
    dev: false

  /create-require@1.1.1:
    resolution: {integrity: sha512-dcKFX3jn0MpIaXjisoRvexIJVEKzaq7z2rZKxf+MSr9TkdmHmsU4m2lcLojrj/FHl8mk5VxMmYA+ftRkP/3oKQ==}
    dev: false

  /diff@4.0.2:
    resolution: {integrity: sha512-58lmxKSA4BNyLz+HHMUzlOEpg09FV+ev6ZMe3vJihgdxzgcwZ8VoEEPmALCZG9LmqfVoNMMKpttIYTVG6uDY7A==}
    engines: {node: '>=0.3.1'}
    dev: false

  /eventemitter3@5.0.1:
    resolution: {integrity: sha512-GWkBvjiSZK87ELrYOSESUYeVIc9mvLLf/nXalMOS5dYrgZq9o5OVkbZAVM06CVxYsCwH9BDZFPlQTlPA1j4ahA==}
    dev: false

  /isows@1.0.7(ws@8.18.2):
    resolution: {integrity: sha512-I1fSfDCZL5P0v33sVqeTDSpcstAg/N+wF5HS033mogOVIp4B+oHC7oOCsA3axAbBSGTJ8QubbNmnIRN/h8U7hg==}
    peerDependencies:
      ws: '*'
    dependencies:
      ws: 8.18.2
    dev: false

  /make-error@1.3.6:
    resolution: {integrity: sha512-s8UhlNe7vPKomQhC1qFelMokr/Sc3AgNbso3n74mVPA5LTZwkB9NlXf4XPamLxJE8h0gh73rM94xvwRT2CVInw==}
    dev: false

  /ox@0.7.1(typescript@5.8.3):
    resolution: {integrity: sha512-+k9fY9PRNuAMHRFIUbiK9Nt5seYHHzSQs9Bj+iMETcGtlpS7SmBzcGSVUQO3+nqGLEiNK4598pHNFlVRaZbRsg==}
    peerDependencies:
      typescript: '>=5.4.0'
    peerDependenciesMeta:
      typescript:
        optional: true
    dependencies:
      '@adraffy/ens-normalize': 1.11.0
      '@noble/ciphers': 1.3.0
      '@noble/curves': 1.9.1
      '@noble/hashes': 1.8.0
      '@scure/bip32': 1.7.0
      '@scure/bip39': 1.6.0
      abitype: 1.0.8(typescript@5.8.3)
      eventemitter3: 5.0.1
      typescript: 5.8.3
    transitivePeerDependencies:
      - zod
    dev: false

  /process@0.11.10:
    resolution: {integrity: sha512-cdGef/drWFoydD1JsMzuFf8100nZl+GT+yacc2bEced5f9Rjk4z+WtFUTBu9PhOi9j/jfmBPu0mMEY4wIdAF8A==}
    engines: {node: '>= 0.6.0'}
    dev: false

  /ts-node@10.9.2(@types/node@20.17.55)(typescript@5.8.3):
    resolution: {integrity: sha512-f0FFpIdcHgn8zcPSbf1dRevwt047YMnaiJM3u2w2RewrB+fob/zePZcrOyQoLMMO7aBIddLcQIEK5dYjkLnGrQ==}
    hasBin: true
    peerDependencies:
      '@swc/core': '>=1.2.50'
      '@swc/wasm': '>=1.2.50'
      '@types/node': '*'
      typescript: '>=2.7'
    peerDependenciesMeta:
      '@swc/core':
        optional: true
      '@swc/wasm':
        optional: true
    dependencies:
      '@cspotcode/source-map-support': 0.8.1
      '@tsconfig/node10': 1.0.11
      '@tsconfig/node12': 1.0.11
      '@tsconfig/node14': 1.0.3
      '@tsconfig/node16': 1.0.4
      '@types/node': 20.17.55
      acorn: 8.14.1
      acorn-walk: 8.3.4
      arg: 4.1.3
      create-require: 1.1.1
      diff: 4.0.2
      make-error: 1.3.6
      typescript: 5.8.3
      v8-compile-cache-lib: 3.0.1
      yn: 3.1.1
    dev: false

  /typescript@5.8.3:
    resolution: {integrity: sha512-p1diW6TqL9L07nNxvRMM7hMMw4c5XOo/1ibL4aAIGmSAt9slTE1Xgw5KWuof2uTOvCg9BY7ZRi+GaF+7sfgPeQ==}
    engines: {node: '>=14.17'}
    hasBin: true
    dev: false

  /undici-types@6.19.8:
    resolution: {integrity: sha512-ve2KP6f/JnbPBFyobGHuerC9g1FYGn/F8n1LWTwNxCEzd6IfqTwUQcNXgEtmmQ6DlRrC1hrSrBnCZPokRrDHjw==}

  /v8-compile-cache-lib@3.0.1:
    resolution: {integrity: sha512-wa7YjyUGfNZngI/vtK0UHAN+lgDCxBPCylVXGp0zu59Fz5aiGtNXaq3DhIov063MorB+VfufLh3JlF2KdTK3xg==}
    dev: false

  /viem@2.30.5(typescript@5.8.3):
    resolution: {integrity: sha512-YymUl7AKsIw3BhQLZxr3j+g8OwqsxmV3xu7zDMmmuFACtvQ3YZaFsKrH7N8eTXpPHYgMlClvKIjgXS8Twt+sQQ==}
    peerDependencies:
      typescript: '>=5.0.4'
    peerDependenciesMeta:
      typescript:
        optional: true
    dependencies:
      '@noble/curves': 1.9.1
      '@noble/hashes': 1.8.0
      '@scure/bip32': 1.7.0
      '@scure/bip39': 1.6.0
      abitype: 1.0.8(typescript@5.8.3)
      isows: 1.0.7(ws@8.18.2)
      ox: 0.7.1(typescript@5.8.3)
      typescript: 5.8.3
      ws: 8.18.2
    transitivePeerDependencies:
      - bufferutil
      - utf-8-validate
      - zod
    dev: false

  /ws@8.18.2:
    resolution: {integrity: sha512-DMricUmwGZUVr++AEAe2uiVM7UoO9MAVZMDu05UQOaUII0lp+zOzLLU4Xqh/JvTqklB1T4uELaaPBKyjE1r4fQ==}
    engines: {node: '>=10.0.0'}
    peerDependencies:
      bufferutil: ^4.0.1
      utf-8-validate: '>=5.0.2'
    peerDependenciesMeta:
      bufferutil:
        optional: true
      utf-8-validate:
        optional: true
    dev: false

  /yn@3.1.1:
    resolution: {integrity: sha512-Ux4ygGWsu2c7isFWe8Yu1YluJmqVhxqK2cLXNQA5AcC3QfbGNpM7fu0Y8b/z16pXLnFxZYvWhd3fhBY9DLmC6Q==}
    engines: {node: '>=6'}
    dev: false
